
Microsoft Visual Studio Solution File, Format Version 12.00
# Visual Studio Version 17
VisualStudioVersion = 17.2.32630.192
MinimumVisualStudioVersion = 10.0.40219.1
Project("{FAE04EC0-301F-11D3-BF4B-00C04F79EFBC}") = "planete-biblio", "planete-biblio\planete-biblio.csproj", "{1B0208E3-09D6-4FB1-B5B1-182BFF2F4BD5}"
EndProject
Global
	GlobalSection(SolutionConfigurationPlatforms) = preSolution
		Debug|Any CPU = Debug|Any CPU
		Release|Any CPU = Release|Any CPU
	EndGlobalSection
	GlobalSection(ProjectConfigurationPlatforms) = postSolution
		{1B0208E3-09D6-4FB1-B5B1-182BFF2F4BD5}.Debug|Any CPU.ActiveCfg = Debug|Any CPU
		{1B0208E3-09D6-4FB1-B5B1-182BFF2F4BD5}.Debug|Any CPU.Build.0 = Debug|Any CPU
		{1B0208E3-09D6-4FB1-B5B1-182BFF2F4BD5}.Release|Any CPU.ActiveCfg = Release|Any CPU
		{1B0208E3-09D6-4FB1-B5B1-182BFF2F4BD5}.Release|Any CPU.Build.0 = Release|Any CPU
	EndGlobalSection
	GlobalSection(SolutionProperties) = preSolution
		HideSolutionNode = FALSE
	EndGlobalSection
	GlobalSection(ExtensibilityGlobals) = postSolution
		SolutionGuid = {D02B1F21-5B77-4B8C-8264-4E261C392348}
	EndGlobalSection
EndGlobal
